
Microsoft Visual Studio Solution File, Format Version 12.00
# Visual Studio Version 17
VisualStudioVersion = 17.0.31903.59
MinimumVisualStudioVersion = 10.0.40219.1
Project("{FAE04EC0-301F-11D3-BF4B-00C04F79EFBC}") = "ForumApp.Core", "ForumApp.Core\ForumApp.Core.csproj", "{3C8AC213-8189-440A-8229-1C0EF8E99735}"
EndProject
Project("{FAE04EC0-301F-11D3-BF4B-00C04F79EFBC}") = "ForumApp.Infrastructure", "ForumApp.Infrastructure\ForumApp.Infrastructure.csproj", "{E903B10C-50D4-43A5-AEF8-5D5545A4A835}"
EndProject
Project("{FAE04EC0-301F-11D3-BF4B-00C04F79EFBC}") = "ForumApp.Services", "ForumApp.Services\ForumApp.Services.csproj", "{C633F98B-EDAE-4AE9-9337-C930073D57E4}"
EndProject
Project("{FAE04EC0-301F-11D3-BF4B-00C04F79EFBC}") = "ForumApp.API", "ForumApp.API\ForumApp.API.csproj", "{169CF00C-23F5-4C54-83D6-1149CD8F377F}"
EndProject
Global
	GlobalSection(SolutionConfigurationPlatforms) = preSolution
		Debug|Any CPU = Debug|Any CPU
		Debug|x64 = Debug|x64
		Debug|x86 = Debug|x86
		Release|Any CPU = Release|Any CPU
		Release|x64 = Release|x64
		Release|x86 = Release|x86
	EndGlobalSection
	GlobalSection(ProjectConfigurationPlatforms) = postSolution
		{3C8AC213-8189-440A-8229-1C0EF8E99735}.Debug|Any CPU.ActiveCfg = Debug|Any CPU
		{3C8AC213-8189-440A-8229-1C0EF8E99735}.Debug|Any CPU.Build.0 = Debug|Any CPU
		{3C8AC213-8189-440A-8229-1C0EF8E99735}.Debug|x64.ActiveCfg = Debug|Any CPU
		{3C8AC213-8189-440A-8229-1C0EF8E99735}.Debug|x64.Build.0 = Debug|Any CPU
		{3C8AC213-8189-440A-8229-1C0EF8E99735}.Debug|x86.ActiveCfg = Debug|Any CPU
		{3C8AC213-8189-440A-8229-1C0EF8E99735}.Debug|x86.Build.0 = Debug|Any CPU
		{3C8AC213-8189-440A-8229-1C0EF8E99735}.Release|Any CPU.ActiveCfg = Release|Any CPU
		{3C8AC213-8189-440A-8229-1C0EF8E99735}.Release|Any CPU.Build.0 = Release|Any CPU
		{3C8AC213-8189-440A-8229-1C0EF8E99735}.Release|x64.ActiveCfg = Release|Any CPU
		{3C8AC213-8189-440A-8229-1C0EF8E99735}.Release|x64.Build.0 = Release|Any CPU
		{3C8AC213-8189-440A-8229-1C0EF8E99735}.Release|x86.ActiveCfg = Release|Any CPU
		{3C8AC213-8189-440A-8229-1C0EF8E99735}.Release|x86.Build.0 = Release|Any CPU
		{E903B10C-50D4-43A5-AEF8-5D5545A4A835}.Debug|Any CPU.ActiveCfg = Debug|Any CPU
		{E903B10C-50D4-43A5-AEF8-5D5545A4A835}.Debug|Any CPU.Build.0 = Debug|Any CPU
		{E903B10C-50D4-43A5-AEF8-5D5545A4A835}.Debug|x64.ActiveCfg = Debug|Any CPU
		{E903B10C-50D4-43A5-AEF8-5D5545A4A835}.Debug|x64.Build.0 = Debug|Any CPU
		{E903B10C-50D4-43A5-AEF8-5D5545A4A835}.Debug|x86.ActiveCfg = Debug|Any CPU
		{E903B10C-50D4-43A5-AEF8-5D5545A4A835}.Debug|x86.Build.0 = Debug|Any CPU
		{E903B10C-50D4-43A5-AEF8-5D5545A4A835}.Release|Any CPU.ActiveCfg = Release|Any CPU
		{E903B10C-50D4-43A5-AEF8-5D5545A4A835}.Release|Any CPU.Build.0 = Release|Any CPU
		{E903B10C-50D4-43A5-AEF8-5D5545A4A835}.Release|x64.ActiveCfg = Release|Any CPU
		{E903B10C-50D4-43A5-AEF8-5D5545A4A835}.Release|x64.Build.0 = Release|Any CPU
		{E903B10C-50D4-43A5-AEF8-5D5545A4A835}.Release|x86.ActiveCfg = Release|Any CPU
		{E903B10C-50D4-43A5-AEF8-5D5545A4A835}.Release|x86.Build.0 = Release|Any CPU
		{C633F98B-EDAE-4AE9-9337-C930073D57E4}.Debug|Any CPU.ActiveCfg = Debug|Any CPU
		{C633F98B-EDAE-4AE9-9337-C930073D57E4}.Debug|Any CPU.Build.0 = Debug|Any CPU
		{C633F98B-EDAE-4AE9-9337-C930073D57E4}.Debug|x64.ActiveCfg = Debug|Any CPU
		{C633F98B-EDAE-4AE9-9337-C930073D57E4}.Debug|x64.Build.0 = Debug|Any CPU
		{C633F98B-EDAE-4AE9-9337-C930073D57E4}.Debug|x86.ActiveCfg = Debug|Any CPU
		{C633F98B-EDAE-4AE9-9337-C930073D57E4}.Debug|x86.Build.0 = Debug|Any CPU
		{C633F98B-EDAE-4AE9-9337-C930073D57E4}.Release|Any CPU.ActiveCfg = Release|Any CPU
		{C633F98B-EDAE-4AE9-9337-C930073D57E4}.Release|Any CPU.Build.0 = Release|Any CPU
		{C633F98B-EDAE-4AE9-9337-C930073D57E4}.Release|x64.ActiveCfg = Release|Any CPU
		{C633F98B-EDAE-4AE9-9337-C930073D57E4}.Release|x64.Build.0 = Release|Any CPU
		{C633F98B-EDAE-4AE9-9337-C930073D57E4}.Release|x86.ActiveCfg = Release|Any CPU
		{C633F98B-EDAE-4AE9-9337-C930073D57E4}.Release|x86.Build.0 = Release|Any CPU
		{169CF00C-23F5-4C54-83D6-1149CD8F377F}.Debug|Any CPU.ActiveCfg = Debug|Any CPU
		{169CF00C-23F5-4C54-83D6-1149CD8F377F}.Debug|Any CPU.Build.0 = Debug|Any CPU
		{169CF00C-23F5-4C54-83D6-1149CD8F377F}.Debug|x64.ActiveCfg = Debug|Any CPU
		{169CF00C-23F5-4C54-83D6-1149CD8F377F}.Debug|x64.Build.0 = Debug|Any CPU
		{169CF00C-23F5-4C54-83D6-1149CD8F377F}.Debug|x86.ActiveCfg = Debug|Any CPU
		{169CF00C-23F5-4C54-83D6-1149CD8F377F}.Debug|x86.Build.0 = Debug|Any CPU
		{169CF00C-23F5-4C54-83D6-1149CD8F377F}.Release|Any CPU.ActiveCfg = Release|Any CPU
		{169CF00C-23F5-4C54-83D6-1149CD8F377F}.Release|Any CPU.Build.0 = Release|Any CPU
		{169CF00C-23F5-4C54-83D6-1149CD8F377F}.Release|x64.ActiveCfg = Release|Any CPU
		{169CF00C-23F5-4C54-83D6-1149CD8F377F}.Release|x64.Build.0 = Release|Any CPU
		{169CF00C-23F5-4C54-83D6-1149CD8F377F}.Release|x86.ActiveCfg = Release|Any CPU
		{169CF00C-23F5-4C54-83D6-1149CD8F377F}.Release|x86.Build.0 = Release|Any CPU
	EndGlobalSection
	GlobalSection(SolutionProperties) = preSolution
		HideSolutionNode = FALSE
	EndGlobalSection
EndGlobal
